
Microsoft Visual Studio Solution File, Format Version 12.00
# Visual Studio Version 17
VisualStudioVersion = 17.3.32901.215
MinimumVisualStudioVersion = 10.0.40219.1
Project("{FAE04EC0-301F-11D3-BF4B-00C04F79EFBC}") = "LoginForm", "LoginForm\LoginForm.csproj", "{25CF194C-A0E8-45A1-8DB9-C4D3BB8D98CA}"
EndProject
Global
	GlobalSection(SolutionConfigurationPlatforms) = preSolution
		Debug|Any CPU = Debug|Any CPU
		Release|Any CPU = Release|Any CPU
	EndGlobalSection
	GlobalSection(ProjectConfigurationPlatforms) = postSolution
		{25CF194C-A0E8-45A1-8DB9-C4D3BB8D98CA}.Debug|Any CPU.ActiveCfg = Debug|Any CPU
		{25CF194C-A0E8-45A1-8DB9-C4D3BB8D98CA}.Debug|Any CPU.Build.0 = Debug|Any CPU
		{25CF194C-A0E8-45A1-8DB9-C4D3BB8D98CA}.Release|Any CPU.ActiveCfg = Release|Any CPU
		{25CF194C-A0E8-45A1-8DB9-C4D3BB8D98CA}.Release|Any CPU.Build.0 = Release|Any CPU
	EndGlobalSection
	GlobalSection(SolutionProperties) = preSolution
		HideSolutionNode = FALSE
	EndGlobalSection
	GlobalSection(ExtensibilityGlobals) = postSolution
		SolutionGuid = {56760201-1387-418F-BF8B-14DC1509A92C}
	EndGlobalSection
EndGlobal
